
Microsoft Visual Studio Solution File, Format Version 12.00
# Visual Studio Version 17
VisualStudioVersion = 17.8.34525.116
MinimumVisualStudioVersion = 10.0.40219.1
Project("{FAE04EC0-301F-11D3-BF4B-00C04F79EFBC}") = "L01_2021MD601-2021QH601", "L01_2021MD601-2021QH601\L01_2021MD601-2021QH601.csproj", "{4BCDCAFC-6C02-419F-BA3E-93C7FC3A43DA}"
EndProject
Global
	GlobalSection(SolutionConfigurationPlatforms) = preSolution
		Debug|Any CPU = Debug|Any CPU
		Release|Any CPU = Release|Any CPU
	EndGlobalSection
	GlobalSection(ProjectConfigurationPlatforms) = postSolution
		{4BCDCAFC-6C02-419F-BA3E-93C7FC3A43DA}.Debug|Any CPU.ActiveCfg = Debug|Any CPU
		{4BCDCAFC-6C02-419F-BA3E-93C7FC3A43DA}.Debug|Any CPU.Build.0 = Debug|Any CPU
		{4BCDCAFC-6C02-419F-BA3E-93C7FC3A43DA}.Release|Any CPU.ActiveCfg = Release|Any CPU
		{4BCDCAFC-6C02-419F-BA3E-93C7FC3A43DA}.Release|Any CPU.Build.0 = Release|Any CPU
	EndGlobalSection
	GlobalSection(SolutionProperties) = preSolution
		HideSolutionNode = FALSE
	EndGlobalSection
	GlobalSection(ExtensibilityGlobals) = postSolution
		SolutionGuid = {C335BA55-D716-474B-814A-FEA0EC81D0BE}
	EndGlobalSection
EndGlobal
